
Microsoft Visual Studio Solution File, Format Version 12.00
# Visual Studio Version 17
VisualStudioVersion = 17.12.35506.116
MinimumVisualStudioVersion = 10.0.40219.1
Project("{2150E333-8FDC-42A3-9474-1A3956D46DE8}") = "PubSub", "PubSub", "{28C7564C-7D75-4699-A9BB-BFBFEEC214C9}"
EndProject
Project("{FAE04EC0-301F-11D3-BF4B-00C04F79EFBC}") = "KafkaSample.PubSub.Consumer", "PubSub\KafkaSample.PubSub.Reciver\KafkaSample.PubSub.Consumer.csproj", "{876BBC63-AF5F-4071-AF4B-F39441C9849B}"
EndProject
Project("{FAE04EC0-301F-11D3-BF4B-00C04F79EFBC}") = "KafkaSample.PubSub.Producer", "PubSub\KafkaSample.PubSub.Sender\KafkaSample.PubSub.Producer.csproj", "{666972EA-BEAC-49DC-B652-9419000D325C}"
EndProject
Project("{2150E333-8FDC-42A3-9474-1A3956D46DE8}") = "DockerCompose", "DockerCompose", "{CF42E1FE-BA1E-43AB-9B85-D22B2720C449}"
	ProjectSection(SolutionItems) = preProject
		DockerCompose\docker-compose.yml = DockerCompose\docker-compose.yml
	EndProjectSection
EndProject
Global
	GlobalSection(SolutionConfigurationPlatforms) = preSolution
		Debug|Any CPU = Debug|Any CPU
		Release|Any CPU = Release|Any CPU
	EndGlobalSection
	GlobalSection(ProjectConfigurationPlatforms) = postSolution
		{876BBC63-AF5F-4071-AF4B-F39441C9849B}.Debug|Any CPU.ActiveCfg = Debug|Any CPU
		{876BBC63-AF5F-4071-AF4B-F39441C9849B}.Debug|Any CPU.Build.0 = Debug|Any CPU
		{876BBC63-AF5F-4071-AF4B-F39441C9849B}.Release|Any CPU.ActiveCfg = Release|Any CPU
		{876BBC63-AF5F-4071-AF4B-F39441C9849B}.Release|Any CPU.Build.0 = Release|Any CPU
		{666972EA-BEAC-49DC-B652-9419000D325C}.Debug|Any CPU.ActiveCfg = Debug|Any CPU
		{666972EA-BEAC-49DC-B652-9419000D325C}.Debug|Any CPU.Build.0 = Debug|Any CPU
		{666972EA-BEAC-49DC-B652-9419000D325C}.Release|Any CPU.ActiveCfg = Release|Any CPU
		{666972EA-BEAC-49DC-B652-9419000D325C}.Release|Any CPU.Build.0 = Release|Any CPU
	EndGlobalSection
	GlobalSection(SolutionProperties) = preSolution
		HideSolutionNode = FALSE
	EndGlobalSection
	GlobalSection(NestedProjects) = preSolution
		{876BBC63-AF5F-4071-AF4B-F39441C9849B} = {28C7564C-7D75-4699-A9BB-BFBFEEC214C9}
		{666972EA-BEAC-49DC-B652-9419000D325C} = {28C7564C-7D75-4699-A9BB-BFBFEEC214C9}
	EndGlobalSection
EndGlobal
